
Microsoft Visual Studio Solution File, Format Version 12.00
# Visual Studio Version 17
VisualStudioVersion = 17.8.34408.163
MinimumVisualStudioVersion = 10.0.40219.1
Project("{FAE04EC0-301F-11D3-BF4B-00C04F79EFBC}") = "Singleton.Simple", "Singleton\Singleton.Simple\Singleton.Simple.csproj", "{29D3103B-ADA0-4EFD-92B8-13A31F9BC39A}"
EndProject
Project("{2150E333-8FDC-42A3-9474-1A3956D46DE8}") = "Singleton", "Singleton", "{EDC93B7A-47F1-45E3-8A3F-020A18DA2D74}"
EndProject
Global
	GlobalSection(SolutionConfigurationPlatforms) = preSolution
		Debug|Any CPU = Debug|Any CPU
		Release|Any CPU = Release|Any CPU
	EndGlobalSection
	GlobalSection(ProjectConfigurationPlatforms) = postSolution
		{29D3103B-ADA0-4EFD-92B8-13A31F9BC39A}.Debug|Any CPU.ActiveCfg = Debug|Any CPU
		{29D3103B-ADA0-4EFD-92B8-13A31F9BC39A}.Debug|Any CPU.Build.0 = Debug|Any CPU
		{29D3103B-ADA0-4EFD-92B8-13A31F9BC39A}.Release|Any CPU.ActiveCfg = Release|Any CPU
		{29D3103B-ADA0-4EFD-92B8-13A31F9BC39A}.Release|Any CPU.Build.0 = Release|Any CPU
	EndGlobalSection
	GlobalSection(SolutionProperties) = preSolution
		HideSolutionNode = FALSE
	EndGlobalSection
	GlobalSection(NestedProjects) = preSolution
		{29D3103B-ADA0-4EFD-92B8-13A31F9BC39A} = {EDC93B7A-47F1-45E3-8A3F-020A18DA2D74}
	EndGlobalSection
	GlobalSection(ExtensibilityGlobals) = postSolution
		SolutionGuid = {10BA367D-D489-4903-997A-5BB516A11155}
	EndGlobalSection
EndGlobal
